
Microsoft Visual Studio Solution File, Format Version 12.00
# Visual Studio 2013
VisualStudioVersion = 12.0.30501.0
MinimumVisualStudioVersion = 10.0.40219.1
Project("{FAE04EC0-301F-11D3-BF4B-00C04F79EFBC}") = "Jenkins_Web", "Jenkins_Web\Jenkins_Web.csproj", "{778DE436-698F-4B2A-8C6A-7B66E3E35FAE}"
EndProject
Global
	GlobalSection(SolutionConfigurationPlatforms) = preSolution
		Debug|Any CPU = Debug|Any CPU
		Release|Any CPU = Release|Any CPU
	EndGlobalSection
	GlobalSection(ProjectConfigurationPlatforms) = postSolution
		{778DE436-698F-4B2A-8C6A-7B66E3E35FAE}.Debug|Any CPU.ActiveCfg = Debug|Any CPU
		{778DE436-698F-4B2A-8C6A-7B66E3E35FAE}.Debug|Any CPU.Build.0 = Debug|Any CPU
		{778DE436-698F-4B2A-8C6A-7B66E3E35FAE}.Release|Any CPU.ActiveCfg = Release|Any CPU
		{778DE436-698F-4B2A-8C6A-7B66E3E35FAE}.Release|Any CPU.Build.0 = Release|Any CPU
	EndGlobalSection
	GlobalSection(SolutionProperties) = preSolution
		HideSolutionNode = FALSE
	EndGlobalSection
EndGlobal
